
Microsoft Visual Studio Solution File, Format Version 12.00
# Visual Studio Version 17
VisualStudioVersion = 17.7.34221.43
MinimumVisualStudioVersion = 10.0.40219.1
Project("{FAE04EC0-301F-11D3-BF4B-00C04F79EFBC}") = "Start2Proces", "Start2Proces\Start2Proces.csproj", "{C9935E39-7D16-42C5-A045-D18FEDD56565}"
EndProject
Global
	GlobalSection(SolutionConfigurationPlatforms) = preSolution
		Debug|Any CPU = Debug|Any CPU
		Release|Any CPU = Release|Any CPU
	EndGlobalSection
	GlobalSection(ProjectConfigurationPlatforms) = postSolution
		{C9935E39-7D16-42C5-A045-D18FEDD56565}.Debug|Any CPU.ActiveCfg = Debug|Any CPU
		{C9935E39-7D16-42C5-A045-D18FEDD56565}.Debug|Any CPU.Build.0 = Debug|Any CPU
		{C9935E39-7D16-42C5-A045-D18FEDD56565}.Release|Any CPU.ActiveCfg = Release|Any CPU
		{C9935E39-7D16-42C5-A045-D18FEDD56565}.Release|Any CPU.Build.0 = Release|Any CPU
	EndGlobalSection
	GlobalSection(SolutionProperties) = preSolution
		HideSolutionNode = FALSE
	EndGlobalSection
	GlobalSection(ExtensibilityGlobals) = postSolution
		SolutionGuid = {33D6A857-FA54-4D30-9EAC-3C719CDE8C70}
	EndGlobalSection
EndGlobal
